{
  "name": "vuetify-more-component",
  "version": "1.3.0",
  "lockfileVersion": 1,
  "requires": true,
  "dependencies": {
    "core-js": {
      "version": "3.27.0",
      "resolved": "https://registry.npmjs.org/core-js/-/core-js-3.27.0.tgz",
      "integrity": "sha512-wY6cKosevs430KRkHUIsvepDXHGjlXOZO3hYXNyqpD6JvB0X28aXyv0t1Y1vZMwE7SoKmtfa6IASHCPN52FwBQ=="
    }
  }
}
